{
  "originHash" : "694d55cf6c9e09a42c73a5d76b07db2e9e7ebc7025ead9286fe4db915238c248",
  "pins" : [
    {
      "identity" : "juliandaynumber?tab=readme-ov-file",
      "kind" : "remoteSourceControl",
      "location" : "https://github.com/sbooth/JulianDayNumber?tab=readme-ov-file",
      "state" : {
        "revision" : "bf9e525b0de6eef158d9e0ed77836ea12e528d49",
        "version" : "0.7.0"
      }
    },
    {
      "identity" : "swiftaa",
      "kind" : "remoteSourceControl",
      "location" : "https://github.com/onekiloparsec/SwiftAA",
      "state" : {
        "branch" : "master",
        "revision" : "c839366fe580327da3ab164a25202dfa5f4825e4"
      }
    }
  ],
  "version" : 3
}
