{
  "object": {
    "pins": [
      {
        "package": "JulianDayNumber",
        "repositoryURL": "https://github.com/sbooth/JulianDayNumber?tab=readme-ov-file",
        "state": {
          "branch": null,
          "revision": "bf9e525b0de6eef158d9e0ed77836ea12e528d49",
          "version": "0.7.0"
        }
      },
      {
        "package": "SwiftAA",
        "repositoryURL": "https://github.com/onekiloparsec/SwiftAA",
        "state": {
          "branch": "master",
          "revision": "c839366fe580327da3ab164a25202dfa5f4825e4",
          "version": null
        }
      }
    ]
  },
  "version": 1
}
