{
  "object": {
    "pins": [
      {
        "package": "swift-markdown-ui",
        "repositoryURL": "https://github.com/gonzalezreal/swift-markdown-ui",
        "state": {
          "branch": null,
          "revision": "12b351a75201a8124c2f2e1f9fc6ef5cd812c0b9",
          "version": "2.1.0"
        }
      },
      {
        "package": "SwiftAA",
        "repositoryURL": "https://github.com/onekiloparsec/SwiftAA",
        "state": {
          "branch": "master",
          "revision": "c839366fe580327da3ab164a25202dfa5f4825e4",
          "version": null
        }
      }
    ]
  },
  "version": 1
}
